
Microsoft Visual Studio Solution File, Format Version 12.00
# Visual Studio Version 17
VisualStudioVersion = 17.5.002.0
MinimumVisualStudioVersion = 10.0.40219.1
Project("{9A19103F-16F7-4668-BE54-9A1E7A4F7556}") = "clase14-pe-Nav1dad", "clase14-pe-Nav1dad.csproj", "{46EB8290-5362-45BD-B14D-11F057B9E3C0}"
EndProject
Global
	GlobalSection(SolutionConfigurationPlatforms) = preSolution
		Debug|Any CPU = Debug|Any CPU
		Release|Any CPU = Release|Any CPU
	EndGlobalSection
	GlobalSection(ProjectConfigurationPlatforms) = postSolution
		{46EB8290-5362-45BD-B14D-11F057B9E3C0}.Debug|Any CPU.ActiveCfg = Debug|Any CPU
		{46EB8290-5362-45BD-B14D-11F057B9E3C0}.Debug|Any CPU.Build.0 = Debug|Any CPU
		{46EB8290-5362-45BD-B14D-11F057B9E3C0}.Release|Any CPU.ActiveCfg = Release|Any CPU
		{46EB8290-5362-45BD-B14D-11F057B9E3C0}.Release|Any CPU.Build.0 = Release|Any CPU
	EndGlobalSection
	GlobalSection(SolutionProperties) = preSolution
		HideSolutionNode = FALSE
	EndGlobalSection
	GlobalSection(ExtensibilityGlobals) = postSolution
		SolutionGuid = {716C4D38-CEC7-441F-A772-C217A2C62818}
	EndGlobalSection
EndGlobal
